
Microsoft Visual Studio Solution File, Format Version 12.00
# Visual Studio Version 17
VisualStudioVersion = 17.8.34525.116
MinimumVisualStudioVersion = 10.0.40219.1
Project("{9A19103F-16F7-4668-BE54-9A1E7A4F7556}") = "Diving", "Diving.csproj", "{A25278B1-A4C8-4647-AFC4-8F1F77991489}"
EndProject
Project("{9A19103F-16F7-4668-BE54-9A1E7A4F7556}") = "OOP", "..\OOP\OOP.csproj", "{F2C3ECA2-606D-4637-A2D5-56BFCE7DDC44}"
EndProject
Project("{9A19103F-16F7-4668-BE54-9A1E7A4F7556}") = "Seminar2", "..\Seminar2\Seminar2.csproj", "{6277EAD3-C8DD-4EFA-A403-10B35B2F8125}"
EndProject
Project("{FAE04EC0-301F-11D3-BF4B-00C04F79EFBC}") = "Seminar3", "..\Seminar3\Seminar3.csproj", "{E002AD0D-F1F2-402B-A7A1-DDCF2319EA4F}"
EndProject
Global
	GlobalSection(SolutionConfigurationPlatforms) = preSolution
		Debug|Any CPU = Debug|Any CPU
		Release|Any CPU = Release|Any CPU
	EndGlobalSection
	GlobalSection(ProjectConfigurationPlatforms) = postSolution
		{A25278B1-A4C8-4647-AFC4-8F1F77991489}.Debug|Any CPU.ActiveCfg = Debug|Any CPU
		{A25278B1-A4C8-4647-AFC4-8F1F77991489}.Debug|Any CPU.Build.0 = Debug|Any CPU
		{A25278B1-A4C8-4647-AFC4-8F1F77991489}.Release|Any CPU.ActiveCfg = Release|Any CPU
		{A25278B1-A4C8-4647-AFC4-8F1F77991489}.Release|Any CPU.Build.0 = Release|Any CPU
		{F2C3ECA2-606D-4637-A2D5-56BFCE7DDC44}.Debug|Any CPU.ActiveCfg = Debug|Any CPU
		{F2C3ECA2-606D-4637-A2D5-56BFCE7DDC44}.Debug|Any CPU.Build.0 = Debug|Any CPU
		{F2C3ECA2-606D-4637-A2D5-56BFCE7DDC44}.Release|Any CPU.ActiveCfg = Release|Any CPU
		{F2C3ECA2-606D-4637-A2D5-56BFCE7DDC44}.Release|Any CPU.Build.0 = Release|Any CPU
		{6277EAD3-C8DD-4EFA-A403-10B35B2F8125}.Debug|Any CPU.ActiveCfg = Debug|Any CPU
		{6277EAD3-C8DD-4EFA-A403-10B35B2F8125}.Debug|Any CPU.Build.0 = Debug|Any CPU
		{6277EAD3-C8DD-4EFA-A403-10B35B2F8125}.Release|Any CPU.ActiveCfg = Release|Any CPU
		{6277EAD3-C8DD-4EFA-A403-10B35B2F8125}.Release|Any CPU.Build.0 = Release|Any CPU
		{E002AD0D-F1F2-402B-A7A1-DDCF2319EA4F}.Debug|Any CPU.ActiveCfg = Debug|Any CPU
		{E002AD0D-F1F2-402B-A7A1-DDCF2319EA4F}.Debug|Any CPU.Build.0 = Debug|Any CPU
		{E002AD0D-F1F2-402B-A7A1-DDCF2319EA4F}.Release|Any CPU.ActiveCfg = Release|Any CPU
		{E002AD0D-F1F2-402B-A7A1-DDCF2319EA4F}.Release|Any CPU.Build.0 = Release|Any CPU
	EndGlobalSection
	GlobalSection(SolutionProperties) = preSolution
		HideSolutionNode = FALSE
	EndGlobalSection
	GlobalSection(ExtensibilityGlobals) = postSolution
		SolutionGuid = {E820B458-3511-4EE5-88F2-DEA0FA35BAD3}
	EndGlobalSection
EndGlobal
