
Microsoft Visual Studio Solution File, Format Version 12.00
# Visual Studio Version 17
VisualStudioVersion = 17.8.34525.116
MinimumVisualStudioVersion = 10.0.40219.1
Project("{9A19103F-16F7-4668-BE54-9A1E7A4F7556}") = "Diving", "Diving.csproj", "{A25278B1-A4C8-4647-AFC4-8F1F77991489}"
EndProject
Project("{9A19103F-16F7-4668-BE54-9A1E7A4F7556}") = "OOP", "..\OOP\OOP.csproj", "{F2C3ECA2-606D-4637-A2D5-56BFCE7DDC44}"
EndProject
Project("{9A19103F-16F7-4668-BE54-9A1E7A4F7556}") = "Seminar2", "..\Seminar2\Seminar2.csproj", "{6277EAD3-C8DD-4EFA-A403-10B35B2F8125}"
EndProject
Project("{9A19103F-16F7-4668-BE54-9A1E7A4F7556}") = "Seminar3", "..\Seminar3\Seminar3.csproj", "{E002AD0D-F1F2-402B-A7A1-DDCF2319EA4F}"
EndProject
Project("{9A19103F-16F7-4668-BE54-9A1E7A4F7556}") = "Seminar_6", "..\Seminar_6\Seminar_6.csproj", "{3EF64AE8-5F27-401B-B00F-D2228697BF68}"
EndProject
Project("{9A19103F-16F7-4668-BE54-9A1E7A4F7556}") = "Seminar_8", "..\Seminar_8\Seminar_8.csproj", "{FE27D3FE-74F9-4255-9616-F4B10682D5AD}"
EndProject
Project("{9A19103F-16F7-4668-BE54-9A1E7A4F7556}") = "Server", "..\Lection_2_1\Server.csproj", "{ED9096CF-8CCD-4007-A9D5-A58CE555ED03}"
EndProject
Project("{9A19103F-16F7-4668-BE54-9A1E7A4F7556}") = "Client", "..\Client\Client.csproj", "{1A8BBC4F-DB93-4AA5-8A6B-449AD554A5BF}"
EndProject
Project("{9A19103F-16F7-4668-BE54-9A1E7A4F7556}") = "Client2", "..\Client2\Client2.csproj", "{F5FADB9F-C540-44E4-82CD-F867762F9312}"
EndProject
Project("{9A19103F-16F7-4668-BE54-9A1E7A4F7556}") = "ServerUdp", "..\ServerUdp\ServerUdp.csproj", "{58828556-568D-4C64-9310-D9A1DC9EFFB3}"
EndProject
Project("{9A19103F-16F7-4668-BE54-9A1E7A4F7556}") = "ClientUdp", "..\ClientUdp\ClientUdp.csproj", "{5B5875EF-0B00-4157-931A-B4831BB75D4F}"
EndProject
Project("{9A19103F-16F7-4668-BE54-9A1E7A4F7556}") = "Server2", "..\Server2\Server2.csproj", "{EB932FDA-9BAC-4ABD-8EE4-513970AEFB33}"
EndProject
Project("{9A19103F-16F7-4668-BE54-9A1E7A4F7556}") = "Client3", "..\Client3\Client3.csproj", "{B92B3609-89C8-40F3-878C-1138ADFE40A0}"
EndProject
Project("{9A19103F-16F7-4668-BE54-9A1E7A4F7556}") = "UDPClient", "..\UDPClient\UDPClient.csproj", "{0CC49708-81C9-4083-A6D0-CBEC4DFABA5E}"
EndProject
Project("{9A19103F-16F7-4668-BE54-9A1E7A4F7556}") = "UdpApp", "..\UdpApp\UdpApp.csproj", "{0347DB95-70CE-4548-894B-03565223B598}"
EndProject
Project("{9A19103F-16F7-4668-BE54-9A1E7A4F7556}") = "UdpAppClient", "..\UdpAppClient\UdpAppClient.csproj", "{C563C7F6-291D-4C1A-A2BA-59D908D445F5}"
EndProject
Project("{9A19103F-16F7-4668-BE54-9A1E7A4F7556}") = "Seminar_9", "..\Seminar_9\Seminar_9.csproj", "{95CE1F05-6CCC-4865-87B4-B3B217240CB2}"
EndProject
Project("{9A19103F-16F7-4668-BE54-9A1E7A4F7556}") = "Lection_2", "..\Lection_2\Lection_2.csproj", "{68377DE4-4EFB-464B-A1BF-45BD4580D5A0}"
EndProject
Project("{9A19103F-16F7-4668-BE54-9A1E7A4F7556}") = "TMutex", "..\TMutex\TMutex.csproj", "{02E48AC7-FE87-4D62-B60B-F879204AFC62}"
EndProject
Project("{9A19103F-16F7-4668-BE54-9A1E7A4F7556}") = "TLock", "..\TLock\TLock.csproj", "{3CA7711D-06D9-4C54-954A-EDEA42D87DD8}"
EndProject
Project("{9A19103F-16F7-4668-BE54-9A1E7A4F7556}") = "ARV", "..\ARV\ARV.csproj", "{E3EBEAF2-341B-4DFE-8C91-558ED6959AA2}"
EndProject
Project("{9A19103F-16F7-4668-BE54-9A1E7A4F7556}") = "Semaphore", "..\Semaphore\Semaphore.csproj", "{DACE5FBC-04E0-4FD3-AA53-E4C6E559B8B5}"
EndProject
Project("{9A19103F-16F7-4668-BE54-9A1E7A4F7556}") = "Seminar_2", "..\Seminar_2\Seminar_2.csproj", "{6BD1E85D-DE0B-422B-BA0B-9E21CB3C9FB6}"
EndProject
Project("{9A19103F-16F7-4668-BE54-9A1E7A4F7556}") = "Seminar_2_Task2", "..\Seminar_2_Task2\Seminar_2_Task2.csproj", "{ECFB2A5A-43E9-49A2-B7C8-F59283378F34}"
EndProject
Global
	GlobalSection(SolutionConfigurationPlatforms) = preSolution
		Debug|Any CPU = Debug|Any CPU
		Release|Any CPU = Release|Any CPU
	EndGlobalSection
	GlobalSection(ProjectConfigurationPlatforms) = postSolution
		{A25278B1-A4C8-4647-AFC4-8F1F77991489}.Debug|Any CPU.ActiveCfg = Debug|Any CPU
		{A25278B1-A4C8-4647-AFC4-8F1F77991489}.Debug|Any CPU.Build.0 = Debug|Any CPU
		{A25278B1-A4C8-4647-AFC4-8F1F77991489}.Release|Any CPU.ActiveCfg = Release|Any CPU
		{A25278B1-A4C8-4647-AFC4-8F1F77991489}.Release|Any CPU.Build.0 = Release|Any CPU
		{F2C3ECA2-606D-4637-A2D5-56BFCE7DDC44}.Debug|Any CPU.ActiveCfg = Debug|Any CPU
		{F2C3ECA2-606D-4637-A2D5-56BFCE7DDC44}.Debug|Any CPU.Build.0 = Debug|Any CPU
		{F2C3ECA2-606D-4637-A2D5-56BFCE7DDC44}.Release|Any CPU.ActiveCfg = Release|Any CPU
		{F2C3ECA2-606D-4637-A2D5-56BFCE7DDC44}.Release|Any CPU.Build.0 = Release|Any CPU
		{6277EAD3-C8DD-4EFA-A403-10B35B2F8125}.Debug|Any CPU.ActiveCfg = Debug|Any CPU
		{6277EAD3-C8DD-4EFA-A403-10B35B2F8125}.Debug|Any CPU.Build.0 = Debug|Any CPU
		{6277EAD3-C8DD-4EFA-A403-10B35B2F8125}.Release|Any CPU.ActiveCfg = Release|Any CPU
		{6277EAD3-C8DD-4EFA-A403-10B35B2F8125}.Release|Any CPU.Build.0 = Release|Any CPU
		{E002AD0D-F1F2-402B-A7A1-DDCF2319EA4F}.Debug|Any CPU.ActiveCfg = Debug|Any CPU
		{E002AD0D-F1F2-402B-A7A1-DDCF2319EA4F}.Debug|Any CPU.Build.0 = Debug|Any CPU
		{E002AD0D-F1F2-402B-A7A1-DDCF2319EA4F}.Release|Any CPU.ActiveCfg = Release|Any CPU
		{E002AD0D-F1F2-402B-A7A1-DDCF2319EA4F}.Release|Any CPU.Build.0 = Release|Any CPU
		{3EF64AE8-5F27-401B-B00F-D2228697BF68}.Debug|Any CPU.ActiveCfg = Debug|Any CPU
		{3EF64AE8-5F27-401B-B00F-D2228697BF68}.Debug|Any CPU.Build.0 = Debug|Any CPU
		{3EF64AE8-5F27-401B-B00F-D2228697BF68}.Release|Any CPU.ActiveCfg = Release|Any CPU
		{3EF64AE8-5F27-401B-B00F-D2228697BF68}.Release|Any CPU.Build.0 = Release|Any CPU
		{FE27D3FE-74F9-4255-9616-F4B10682D5AD}.Debug|Any CPU.ActiveCfg = Debug|Any CPU
		{FE27D3FE-74F9-4255-9616-F4B10682D5AD}.Debug|Any CPU.Build.0 = Debug|Any CPU
		{FE27D3FE-74F9-4255-9616-F4B10682D5AD}.Release|Any CPU.ActiveCfg = Release|Any CPU
		{FE27D3FE-74F9-4255-9616-F4B10682D5AD}.Release|Any CPU.Build.0 = Release|Any CPU
		{ED9096CF-8CCD-4007-A9D5-A58CE555ED03}.Debug|Any CPU.ActiveCfg = Debug|Any CPU
		{ED9096CF-8CCD-4007-A9D5-A58CE555ED03}.Debug|Any CPU.Build.0 = Debug|Any CPU
		{ED9096CF-8CCD-4007-A9D5-A58CE555ED03}.Release|Any CPU.ActiveCfg = Release|Any CPU
		{ED9096CF-8CCD-4007-A9D5-A58CE555ED03}.Release|Any CPU.Build.0 = Release|Any CPU
		{1A8BBC4F-DB93-4AA5-8A6B-449AD554A5BF}.Debug|Any CPU.ActiveCfg = Debug|Any CPU
		{1A8BBC4F-DB93-4AA5-8A6B-449AD554A5BF}.Debug|Any CPU.Build.0 = Debug|Any CPU
		{1A8BBC4F-DB93-4AA5-8A6B-449AD554A5BF}.Release|Any CPU.ActiveCfg = Release|Any CPU
		{1A8BBC4F-DB93-4AA5-8A6B-449AD554A5BF}.Release|Any CPU.Build.0 = Release|Any CPU
		{F5FADB9F-C540-44E4-82CD-F867762F9312}.Debug|Any CPU.ActiveCfg = Debug|Any CPU
		{F5FADB9F-C540-44E4-82CD-F867762F9312}.Debug|Any CPU.Build.0 = Debug|Any CPU
		{F5FADB9F-C540-44E4-82CD-F867762F9312}.Release|Any CPU.ActiveCfg = Release|Any CPU
		{F5FADB9F-C540-44E4-82CD-F867762F9312}.Release|Any CPU.Build.0 = Release|Any CPU
		{58828556-568D-4C64-9310-D9A1DC9EFFB3}.Debug|Any CPU.ActiveCfg = Debug|Any CPU
		{58828556-568D-4C64-9310-D9A1DC9EFFB3}.Debug|Any CPU.Build.0 = Debug|Any CPU
		{58828556-568D-4C64-9310-D9A1DC9EFFB3}.Release|Any CPU.ActiveCfg = Release|Any CPU
		{58828556-568D-4C64-9310-D9A1DC9EFFB3}.Release|Any CPU.Build.0 = Release|Any CPU
		{5B5875EF-0B00-4157-931A-B4831BB75D4F}.Debug|Any CPU.ActiveCfg = Debug|Any CPU
		{5B5875EF-0B00-4157-931A-B4831BB75D4F}.Debug|Any CPU.Build.0 = Debug|Any CPU
		{5B5875EF-0B00-4157-931A-B4831BB75D4F}.Release|Any CPU.ActiveCfg = Release|Any CPU
		{5B5875EF-0B00-4157-931A-B4831BB75D4F}.Release|Any CPU.Build.0 = Release|Any CPU
		{EB932FDA-9BAC-4ABD-8EE4-513970AEFB33}.Debug|Any CPU.ActiveCfg = Debug|Any CPU
		{EB932FDA-9BAC-4ABD-8EE4-513970AEFB33}.Debug|Any CPU.Build.0 = Debug|Any CPU
		{EB932FDA-9BAC-4ABD-8EE4-513970AEFB33}.Release|Any CPU.ActiveCfg = Release|Any CPU
		{EB932FDA-9BAC-4ABD-8EE4-513970AEFB33}.Release|Any CPU.Build.0 = Release|Any CPU
		{B92B3609-89C8-40F3-878C-1138ADFE40A0}.Debug|Any CPU.ActiveCfg = Debug|Any CPU
		{B92B3609-89C8-40F3-878C-1138ADFE40A0}.Debug|Any CPU.Build.0 = Debug|Any CPU
		{B92B3609-89C8-40F3-878C-1138ADFE40A0}.Release|Any CPU.ActiveCfg = Release|Any CPU
		{B92B3609-89C8-40F3-878C-1138ADFE40A0}.Release|Any CPU.Build.0 = Release|Any CPU
		{0CC49708-81C9-4083-A6D0-CBEC4DFABA5E}.Debug|Any CPU.ActiveCfg = Debug|Any CPU
		{0CC49708-81C9-4083-A6D0-CBEC4DFABA5E}.Debug|Any CPU.Build.0 = Debug|Any CPU
		{0CC49708-81C9-4083-A6D0-CBEC4DFABA5E}.Release|Any CPU.ActiveCfg = Release|Any CPU
		{0CC49708-81C9-4083-A6D0-CBEC4DFABA5E}.Release|Any CPU.Build.0 = Release|Any CPU
		{0347DB95-70CE-4548-894B-03565223B598}.Debug|Any CPU.ActiveCfg = Debug|Any CPU
		{0347DB95-70CE-4548-894B-03565223B598}.Debug|Any CPU.Build.0 = Debug|Any CPU
		{0347DB95-70CE-4548-894B-03565223B598}.Release|Any CPU.ActiveCfg = Release|Any CPU
		{0347DB95-70CE-4548-894B-03565223B598}.Release|Any CPU.Build.0 = Release|Any CPU
		{C563C7F6-291D-4C1A-A2BA-59D908D445F5}.Debug|Any CPU.ActiveCfg = Debug|Any CPU
		{C563C7F6-291D-4C1A-A2BA-59D908D445F5}.Debug|Any CPU.Build.0 = Debug|Any CPU
		{C563C7F6-291D-4C1A-A2BA-59D908D445F5}.Release|Any CPU.ActiveCfg = Release|Any CPU
		{C563C7F6-291D-4C1A-A2BA-59D908D445F5}.Release|Any CPU.Build.0 = Release|Any CPU
		{95CE1F05-6CCC-4865-87B4-B3B217240CB2}.Debug|Any CPU.ActiveCfg = Debug|Any CPU
		{95CE1F05-6CCC-4865-87B4-B3B217240CB2}.Debug|Any CPU.Build.0 = Debug|Any CPU
		{95CE1F05-6CCC-4865-87B4-B3B217240CB2}.Release|Any CPU.ActiveCfg = Release|Any CPU
		{95CE1F05-6CCC-4865-87B4-B3B217240CB2}.Release|Any CPU.Build.0 = Release|Any CPU
		{68377DE4-4EFB-464B-A1BF-45BD4580D5A0}.Debug|Any CPU.ActiveCfg = Debug|Any CPU
		{68377DE4-4EFB-464B-A1BF-45BD4580D5A0}.Debug|Any CPU.Build.0 = Debug|Any CPU
		{68377DE4-4EFB-464B-A1BF-45BD4580D5A0}.Release|Any CPU.ActiveCfg = Release|Any CPU
		{68377DE4-4EFB-464B-A1BF-45BD4580D5A0}.Release|Any CPU.Build.0 = Release|Any CPU
		{02E48AC7-FE87-4D62-B60B-F879204AFC62}.Debug|Any CPU.ActiveCfg = Debug|Any CPU
		{02E48AC7-FE87-4D62-B60B-F879204AFC62}.Debug|Any CPU.Build.0 = Debug|Any CPU
		{02E48AC7-FE87-4D62-B60B-F879204AFC62}.Release|Any CPU.ActiveCfg = Release|Any CPU
		{02E48AC7-FE87-4D62-B60B-F879204AFC62}.Release|Any CPU.Build.0 = Release|Any CPU
		{3CA7711D-06D9-4C54-954A-EDEA42D87DD8}.Debug|Any CPU.ActiveCfg = Debug|Any CPU
		{3CA7711D-06D9-4C54-954A-EDEA42D87DD8}.Debug|Any CPU.Build.0 = Debug|Any CPU
		{3CA7711D-06D9-4C54-954A-EDEA42D87DD8}.Release|Any CPU.ActiveCfg = Release|Any CPU
		{3CA7711D-06D9-4C54-954A-EDEA42D87DD8}.Release|Any CPU.Build.0 = Release|Any CPU
		{E3EBEAF2-341B-4DFE-8C91-558ED6959AA2}.Debug|Any CPU.ActiveCfg = Debug|Any CPU
		{E3EBEAF2-341B-4DFE-8C91-558ED6959AA2}.Debug|Any CPU.Build.0 = Debug|Any CPU
		{E3EBEAF2-341B-4DFE-8C91-558ED6959AA2}.Release|Any CPU.ActiveCfg = Release|Any CPU
		{E3EBEAF2-341B-4DFE-8C91-558ED6959AA2}.Release|Any CPU.Build.0 = Release|Any CPU
		{DACE5FBC-04E0-4FD3-AA53-E4C6E559B8B5}.Debug|Any CPU.ActiveCfg = Debug|Any CPU
		{DACE5FBC-04E0-4FD3-AA53-E4C6E559B8B5}.Debug|Any CPU.Build.0 = Debug|Any CPU
		{DACE5FBC-04E0-4FD3-AA53-E4C6E559B8B5}.Release|Any CPU.ActiveCfg = Release|Any CPU
		{DACE5FBC-04E0-4FD3-AA53-E4C6E559B8B5}.Release|Any CPU.Build.0 = Release|Any CPU
		{6BD1E85D-DE0B-422B-BA0B-9E21CB3C9FB6}.Debug|Any CPU.ActiveCfg = Debug|Any CPU
		{6BD1E85D-DE0B-422B-BA0B-9E21CB3C9FB6}.Debug|Any CPU.Build.0 = Debug|Any CPU
		{6BD1E85D-DE0B-422B-BA0B-9E21CB3C9FB6}.Release|Any CPU.ActiveCfg = Release|Any CPU
		{6BD1E85D-DE0B-422B-BA0B-9E21CB3C9FB6}.Release|Any CPU.Build.0 = Release|Any CPU
		{ECFB2A5A-43E9-49A2-B7C8-F59283378F34}.Debug|Any CPU.ActiveCfg = Debug|Any CPU
		{ECFB2A5A-43E9-49A2-B7C8-F59283378F34}.Debug|Any CPU.Build.0 = Debug|Any CPU
		{ECFB2A5A-43E9-49A2-B7C8-F59283378F34}.Release|Any CPU.ActiveCfg = Release|Any CPU
		{ECFB2A5A-43E9-49A2-B7C8-F59283378F34}.Release|Any CPU.Build.0 = Release|Any CPU
	EndGlobalSection
	GlobalSection(SolutionProperties) = preSolution
		HideSolutionNode = FALSE
	EndGlobalSection
	GlobalSection(ExtensibilityGlobals) = postSolution
		SolutionGuid = {E820B458-3511-4EE5-88F2-DEA0FA35BAD3}
	EndGlobalSection
EndGlobal
